
Microsoft Visual Studio Solution File, Format Version 12.00
# Visual Studio 15
VisualStudioVersion = 15.0.28010.2050
MinimumVisualStudioVersion = 10.0.40219.1
Project("{FAE04EC0-301F-11D3-BF4B-00C04F79EFBC}") = "WebsiteQuyetTien_byAurora Team", "WebsiteQuyetTien_byAurora Team\WebsiteQuyetTien_byAurora Team.csproj", "{AB94CBE2-1C94-4485-A7A3-838B470FD43F}"
EndProject
Global
	GlobalSection(SolutionConfigurationPlatforms) = preSolution
		Debug|Any CPU = Debug|Any CPU
		Release|Any CPU = Release|Any CPU
	EndGlobalSection
	GlobalSection(ProjectConfigurationPlatforms) = postSolution
		{AB94CBE2-1C94-4485-A7A3-838B470FD43F}.Debug|Any CPU.ActiveCfg = Debug|Any CPU
		{AB94CBE2-1C94-4485-A7A3-838B470FD43F}.Debug|Any CPU.Build.0 = Debug|Any CPU
		{AB94CBE2-1C94-4485-A7A3-838B470FD43F}.Release|Any CPU.ActiveCfg = Release|Any CPU
		{AB94CBE2-1C94-4485-A7A3-838B470FD43F}.Release|Any CPU.Build.0 = Release|Any CPU
	EndGlobalSection
	GlobalSection(SolutionProperties) = preSolution
		HideSolutionNode = FALSE
	EndGlobalSection
	GlobalSection(ExtensibilityGlobals) = postSolution
		SolutionGuid = {D86C23C3-0B69-4729-AAD6-B34540ACAA27}
	EndGlobalSection
EndGlobal
